// !$*UTF8*$!
{
	archiveVersion = 1;
	classes = {
	};
	objectVersion = 56;
	objects = {

/* Begin PBXBuildFile section */
		67AAC6382C006DC60051AF2C /* FirstView.swift in Sources */ = {isa = PBXBuildFile; fileRef = 67AAC6372C006DC60051AF2C /* FirstView.swift */; };
		67AAC63A2C006DDA0051AF2C /* SecondView.swift in Sources */ = {isa = PBXBuildFile; fileRef = 67AAC6392C006DDA0051AF2C /* SecondView.swift */; };
		67AAC63C2C006DE00051AF2C /* ThirdView.swift in Sources */ = {isa = PBXBuildFile; fileRef = 67AAC63B2C006DE00051AF2C /* ThirdView.swift */; };
		67AAC63E2C00A3590051AF2C /* CustomEnvironment.swift in Sources */ = {isa = PBXBuildFile; fileRef = 67AAC63D2C00A3590051AF2C /* CustomEnvironment.swift */; };
		67EDAF092BFF5460009B5592 /* SwiftUI_Advanced_Data_FlowApp.swift in Sources */ = {isa = PBXBuildFile; fileRef = 67EDAF082BFF5460009B5592 /* SwiftUI_Advanced_Data_FlowApp.swift */; };
		67EDAF0B2BFF5460009B5592 /* ContentView.swift in Sources */ = {isa = PBXBuildFile; fileRef = 67EDAF0A2BFF5460009B5592 /* ContentView.swift */; };
		67EDAF0D2BFF5462009B5592 /* Assets.xcassets in Resources */ = {isa = PBXBuildFile; fileRef = 67EDAF0C2BFF5462009B5592 /* Assets.xcassets */; };
		67EDAF102BFF5462009B5592 /* Preview Assets.xcassets in Resources */ = {isa = PBXBuildFile; fileRef = 67EDAF0F2BFF5462009B5592 /* Preview Assets.xcassets */; };
		67F5E0392C018659007F2066 /* Analytics.swift in Sources */ = {isa = PBXBuildFile; fileRef = 67F5E0382C018659007F2066 /* Analytics.swift */; };
		67F5E03B2C0188B5007F2066 /* CustomPreferenceKey.swift in Sources */ = {isa = PBXBuildFile; fileRef = 67F5E03A2C0188B5007F2066 /* CustomPreferenceKey.swift */; };
		67F5E03F2C0189B6007F2066 /* ParentView.swift in Sources */ = {isa = PBXBuildFile; fileRef = 67F5E03E2C0189B6007F2066 /* ParentView.swift */; };
		67F5E0412C0189CB007F2066 /* ChildView1.swift in Sources */ = {isa = PBXBuildFile; fileRef = 67F5E0402C0189CB007F2066 /* ChildView1.swift */; };
		67F5E0432C0189D5007F2066 /* ChildView2.swift in Sources */ = {isa = PBXBuildFile; fileRef = 67F5E0422C0189D5007F2066 /* ChildView2.swift */; };
		67F5E0452C0189DA007F2066 /* ChildView3.swift in Sources */ = {isa = PBXBuildFile; fileRef = 67F5E0442C0189DA007F2066 /* ChildView3.swift */; };
		67F5E0472C0189E1007F2066 /* ChildView4.swift in Sources */ = {isa = PBXBuildFile; fileRef = 67F5E0462C0189E1007F2066 /* ChildView4.swift */; };
/* End PBXBuildFile section */

/* Begin PBXFileReference section */
		67AAC6372C006DC60051AF2C /* FirstView.swift */ = {isa = PBXFileReference; lastKnownFileType = sourcecode.swift; path = FirstView.swift; sourceTree = "<group>"; };
		67AAC6392C006DDA0051AF2C /* SecondView.swift */ = {isa = PBXFileReference; lastKnownFileType = sourcecode.swift; path = SecondView.swift; sourceTree = "<group>"; };
		67AAC63B2C006DE00051AF2C /* ThirdView.swift */ = {isa = PBXFileReference; lastKnownFileType = sourcecode.swift; path = ThirdView.swift; sourceTree = "<group>"; };
		67AAC63D2C00A3590051AF2C /* CustomEnvironment.swift */ = {isa = PBXFileReference; lastKnownFileType = sourcecode.swift; path = CustomEnvironment.swift; sourceTree = "<group>"; };
		67EDAF052BFF5460009B5592 /* SwiftUI_Advanced_Data_Flow.app */ = {isa = PBXFileReference; explicitFileType = wrapper.application; includeInIndex = 0; path = SwiftUI_Advanced_Data_Flow.app; sourceTree = BUILT_PRODUCTS_DIR; };
		67EDAF082BFF5460009B5592 /* SwiftUI_Advanced_Data_FlowApp.swift */ = {isa = PBXFileReference; lastKnownFileType = sourcecode.swift; path = SwiftUI_Advanced_Data_FlowApp.swift; sourceTree = "<group>"; };
		67EDAF0A2BFF5460009B5592 /* ContentView.swift */ = {isa = PBXFileReference; lastKnownFileType = sourcecode.swift; path = ContentView.swift; sourceTree = "<group>"; };
		67EDAF0C2BFF5462009B5592 /* Assets.xcassets */ = {isa = PBXFileReference; lastKnownFileType = folder.assetcatalog; path = Assets.xcassets; sourceTree = "<group>"; };
		67EDAF0F2BFF5462009B5592 /* Preview Assets.xcassets */ = {isa = PBXFileReference; lastKnownFileType = folder.assetcatalog; path = "Preview Assets.xcassets"; sourceTree = "<group>"; };
		67F5E0382C018659007F2066 /* Analytics.swift */ = {isa = PBXFileReference; lastKnownFileType = sourcecode.swift; path = Analytics.swift; sourceTree = "<group>"; };
		67F5E03A2C0188B5007F2066 /* CustomPreferenceKey.swift */ = {isa = PBXFileReference; lastKnownFileType = sourcecode.swift; path = CustomPreferenceKey.swift; sourceTree = "<group>"; };
		67F5E03E2C0189B6007F2066 /* ParentView.swift */ = {isa = PBXFileReference; lastKnownFileType = sourcecode.swift; path = ParentView.swift; sourceTree = "<group>"; };
		67F5E0402C0189CB007F2066 /* ChildView1.swift */ = {isa = PBXFileReference; lastKnownFileType = sourcecode.swift; path = ChildView1.swift; sourceTree = "<group>"; };
		67F5E0422C0189D5007F2066 /* ChildView2.swift */ = {isa = PBXFileReference; lastKnownFileType = sourcecode.swift; path = ChildView2.swift; sourceTree = "<group>"; };
		67F5E0442C0189DA007F2066 /* ChildView3.swift */ = {isa = PBXFileReference; lastKnownFileType = sourcecode.swift; path = ChildView3.swift; sourceTree = "<group>"; };
		67F5E0462C0189E1007F2066 /* ChildView4.swift */ = {isa = PBXFileReference; lastKnownFileType = sourcecode.swift; path = ChildView4.swift; sourceTree = "<group>"; };
/* End PBXFileReference section */

/* Begin PBXFrameworksBuildPhase section */
		67EDAF022BFF5460009B5592 /* Frameworks */ = {
			isa = PBXFrameworksBuildPhase;
			buildActionMask = 2147483647;
			files = (
			);
			runOnlyForDeploymentPostprocessing = 0;
		};
/* End PBXFrameworksBuildPhase section */

/* Begin PBXGroup section */
		67EDAEFC2BFF5460009B5592 = {
			isa = PBXGroup;
			children = (
				67EDAF072BFF5460009B5592 /* SwiftUI_Advanced_Data_Flow */,
				67EDAF062BFF5460009B5592 /* Products */,
			);
			sourceTree = "<group>";
		};
		67EDAF062BFF5460009B5592 /* Products */ = {
			isa = PBXGroup;
			children = (
				67EDAF052BFF5460009B5592 /* SwiftUI_Advanced_Data_Flow.app */,
			);
			name = Products;
			sourceTree = "<group>";
		};
		67EDAF072BFF5460009B5592 /* SwiftUI_Advanced_Data_Flow */ = {
			isa = PBXGroup;
			children = (
				67EDAF082BFF5460009B5592 /* SwiftUI_Advanced_Data_FlowApp.swift */,
				67F5E03D2C01891B007F2066 /* EnvironmentObjectTest */,
				67EDAF0A2BFF5460009B5592 /* ContentView.swift */,
				67F5E03C2C0188DD007F2066 /* PreferenceKeysTest */,
				67EDAF0C2BFF5462009B5592 /* Assets.xcassets */,
				67EDAF0E2BFF5462009B5592 /* Preview Content */,
			);
			path = SwiftUI_Advanced_Data_Flow;
			sourceTree = "<group>";
		};
		67EDAF0E2BFF5462009B5592 /* Preview Content */ = {
			isa = PBXGroup;
			children = (
				67EDAF0F2BFF5462009B5592 /* Preview Assets.xcassets */,
			);
			path = "Preview Content";
			sourceTree = "<group>";
		};
		67F5E03C2C0188DD007F2066 /* PreferenceKeysTest */ = {
			isa = PBXGroup;
			children = (
				67F5E03A2C0188B5007F2066 /* CustomPreferenceKey.swift */,
				67F5E03E2C0189B6007F2066 /* ParentView.swift */,
				67F5E0402C0189CB007F2066 /* ChildView1.swift */,
				67F5E0422C0189D5007F2066 /* ChildView2.swift */,
				67F5E0442C0189DA007F2066 /* ChildView3.swift */,
				67F5E0462C0189E1007F2066 /* ChildView4.swift */,
			);
			path = PreferenceKeysTest;
			sourceTree = "<group>";
		};
		67F5E03D2C01891B007F2066 /* EnvironmentObjectTest */ = {
			isa = PBXGroup;
			children = (
				67AAC63D2C00A3590051AF2C /* CustomEnvironment.swift */,
				67F5E0382C018659007F2066 /* Analytics.swift */,
				67AAC6372C006DC60051AF2C /* FirstView.swift */,
				67AAC6392C006DDA0051AF2C /* SecondView.swift */,
				67AAC63B2C006DE00051AF2C /* ThirdView.swift */,
			);
			path = EnvironmentObjectTest;
			sourceTree = "<group>";
		};
/* End PBXGroup section */

/* Begin PBXNativeTarget section */
		67EDAF042BFF5460009B5592 /* SwiftUI_Advanced_Data_Flow */ = {
			isa = PBXNativeTarget;
			buildConfigurationList = 67EDAF132BFF5462009B5592 /* Build configuration list for PBXNativeTarget "SwiftUI_Advanced_Data_Flow" */;
			buildPhases = (
				67EDAF012BFF5460009B5592 /* Sources */,
				67EDAF022BFF5460009B5592 /* Frameworks */,
				67EDAF032BFF5460009B5592 /* Resources */,
			);
			buildRules = (
			);
			dependencies = (
			);
			name = SwiftUI_Advanced_Data_Flow;
			productName = SwiftUI_Advanced_Data_Flow;
			productReference = 67EDAF052BFF5460009B5592 /* SwiftUI_Advanced_Data_Flow.app */;
			productType = "com.apple.product-type.application";
		};
/* End PBXNativeTarget section */

/* Begin PBXProject section */
		67EDAEFD2BFF5460009B5592 /* Project object */ = {
			isa = PBXProject;
			attributes = {
				BuildIndependentTargetsInParallel = 1;
				LastSwiftUpdateCheck = 1520;
				LastUpgradeCheck = 1520;
				TargetAttributes = {
					67EDAF042BFF5460009B5592 = {
						CreatedOnToolsVersion = 15.2;
					};
				};
			};
			buildConfigurationList = 67EDAF002BFF5460009B5592 /* Build configuration list for PBXProject "SwiftUI_Advanced_Data_Flow" */;
			compatibilityVersion = "Xcode 14.0";
			developmentRegion = en;
			hasScannedForEncodings = 0;
			knownRegions = (
				en,
				Base,
			);
			mainGroup = 67EDAEFC2BFF5460009B5592;
			productRefGroup = 67EDAF062BFF5460009B5592 /* Products */;
			projectDirPath = "";
			projectRoot = "";
			targets = (
				67EDAF042BFF5460009B5592 /* SwiftUI_Advanced_Data_Flow */,
			);
		};
/* End PBXProject section */

/* Begin PBXResourcesBuildPhase section */
		67EDAF032BFF5460009B5592 /* Resources */ = {
			isa = PBXResourcesBuildPhase;
			buildActionMask = 2147483647;
			files = (
				67EDAF102BFF5462009B5592 /* Preview Assets.xcassets in Resources */,
				67EDAF0D2BFF5462009B5592 /* Assets.xcassets in Resources */,
			);
			runOnlyForDeploymentPostprocessing = 0;
		};
/* End PBXResourcesBuildPhase section */

/* Begin PBXSourcesBuildPhase section */
		67EDAF012BFF5460009B5592 /* Sources */ = {
			isa = PBXSourcesBuildPhase;
			buildActionMask = 2147483647;
			files = (
				67EDAF0B2BFF5460009B5592 /* ContentView.swift in Sources */,
				67F5E0392C018659007F2066 /* Analytics.swift in Sources */,
				67AAC63C2C006DE00051AF2C /* ThirdView.swift in Sources */,
				67AAC63E2C00A3590051AF2C /* CustomEnvironment.swift in Sources */,
				67F5E03F2C0189B6007F2066 /* ParentView.swift in Sources */,
				67F5E0472C0189E1007F2066 /* ChildView4.swift in Sources */,
				67AAC6382C006DC60051AF2C /* FirstView.swift in Sources */,
				67F5E0432C0189D5007F2066 /* ChildView2.swift in Sources */,
				67AAC63A2C006DDA0051AF2C /* SecondView.swift in Sources */,
				67EDAF092BFF5460009B5592 /* SwiftUI_Advanced_Data_FlowApp.swift in Sources */,
				67F5E0452C0189DA007F2066 /* ChildView3.swift in Sources */,
				67F5E03B2C0188B5007F2066 /* CustomPreferenceKey.swift in Sources */,
				67F5E0412C0189CB007F2066 /* ChildView1.swift in Sources */,
			);
			runOnlyForDeploymentPostprocessing = 0;
		};
/* End PBXSourcesBuildPhase section */

/* Begin XCBuildConfiguration section */
		67EDAF112BFF5462009B5592 /* Debug */ = {
			isa = XCBuildConfiguration;
			buildSettings = {
				ALWAYS_SEARCH_USER_PATHS = NO;
				ASSETCATALOG_COMPILER_GENERATE_SWIFT_ASSET_SYMBOL_EXTENSIONS = YES;
				CLANG_ANALYZER_NONNULL = YES;
				CLANG_ANALYZER_NUMBER_OBJECT_CONVERSION = YES_AGGRESSIVE;
				CLANG_CXX_LANGUAGE_STANDARD = "gnu++20";
				CLANG_ENABLE_MODULES = YES;
				CLANG_ENABLE_OBJC_ARC = YES;
				CLANG_ENABLE_OBJC_WEAK = YES;
				CLANG_WARN_BLOCK_CAPTURE_AUTORELEASING = YES;
				CLANG_WARN_BOOL_CONVERSION = YES;
				CLANG_WARN_COMMA = YES;
				CLANG_WARN_CONSTANT_CONVERSION = YES;
				CLANG_WARN_DEPRECATED_OBJC_IMPLEMENTATIONS = YES;
				CLANG_WARN_DIRECT_OBJC_ISA_USAGE = YES_ERROR;
				CLANG_WARN_DOCUMENTATION_COMMENTS = YES;
				CLANG_WARN_EMPTY_BODY = YES;
				CLANG_WARN_ENUM_CONVERSION = YES;
				CLANG_WARN_INFINITE_RECURSION = YES;
				CLANG_WARN_INT_CONVERSION = YES;
				CLANG_WARN_NON_LITERAL_NULL_CONVERSION = YES;
				CLANG_WARN_OBJC_IMPLICIT_RETAIN_SELF = YES;
				CLANG_WARN_OBJC_LITERAL_CONVERSION = YES;
				CLANG_WARN_OBJC_ROOT_CLASS = YES_ERROR;
				CLANG_WARN_QUOTED_INCLUDE_IN_FRAMEWORK_HEADER = YES;
				CLANG_WARN_RANGE_LOOP_ANALYSIS = YES;
				CLANG_WARN_STRICT_PROTOTYPES = YES;
				CLANG_WARN_SUSPICIOUS_MOVE = YES;
				CLANG_WARN_UNGUARDED_AVAILABILITY = YES_AGGRESSIVE;
				CLANG_WARN_UNREACHABLE_CODE = YES;
				CLANG_WARN__DUPLICATE_METHOD_MATCH = YES;
				COPY_PHASE_STRIP = NO;
				DEBUG_INFORMATION_FORMAT = dwarf;
				ENABLE_STRICT_OBJC_MSGSEND = YES;
				ENABLE_TESTABILITY = YES;
				ENABLE_USER_SCRIPT_SANDBOXING = YES;
				GCC_C_LANGUAGE_STANDARD = gnu17;
				GCC_DYNAMIC_NO_PIC = NO;
				GCC_NO_COMMON_BLOCKS = YES;
				GCC_OPTIMIZATION_LEVEL = 0;
				GCC_PREPROCESSOR_DEFINITIONS = (
					"DEBUG=1",
					"$(inherited)",
				);
				GCC_WARN_64_TO_32_BIT_CONVERSION = YES;
				GCC_WARN_ABOUT_RETURN_TYPE = YES_ERROR;
				GCC_WARN_UNDECLARED_SELECTOR = YES;
				GCC_WARN_UNINITIALIZED_AUTOS = YES_AGGRESSIVE;
				GCC_WARN_UNUSED_FUNCTION = YES;
				GCC_WARN_UNUSED_VARIABLE = YES;
				IPHONEOS_DEPLOYMENT_TARGET = 17.2;
				LOCALIZATION_PREFERS_STRING_CATALOGS = YES;
				MTL_ENABLE_DEBUG_INFO = INCLUDE_SOURCE;
				MTL_FAST_MATH = YES;
				ONLY_ACTIVE_ARCH = YES;
				SDKROOT = iphoneos;
				SWIFT_ACTIVE_COMPILATION_CONDITIONS = "DEBUG $(inherited)";
				SWIFT_OPTIMIZATION_LEVEL = "-Onone";
			};
			name = Debug;
		};
		67EDAF122BFF5462009B5592 /* Release */ = {
			isa = XCBuildConfiguration;
			buildSettings = {
				ALWAYS_SEARCH_USER_PATHS = NO;
				ASSETCATALOG_COMPILER_GENERATE_SWIFT_ASSET_SYMBOL_EXTENSIONS = YES;
				CLANG_ANALYZER_NONNULL = YES;
				CLANG_ANALYZER_NUMBER_OBJECT_CONVERSION = YES_AGGRESSIVE;
				CLANG_CXX_LANGUAGE_STANDARD = "gnu++20";
				CLANG_ENABLE_MODULES = YES;
				CLANG_ENABLE_OBJC_ARC = YES;
				CLANG_ENABLE_OBJC_WEAK = YES;
				CLANG_WARN_BLOCK_CAPTURE_AUTORELEASING = YES;
				CLANG_WARN_BOOL_CONVERSION = YES;
				CLANG_WARN_COMMA = YES;
				CLANG_WARN_CONSTANT_CONVERSION = YES;
				CLANG_WARN_DEPRECATED_OBJC_IMPLEMENTATIONS = YES;
				CLANG_WARN_DIRECT_OBJC_ISA_USAGE = YES_ERROR;
				CLANG_WARN_DOCUMENTATION_COMMENTS = YES;
				CLANG_WARN_EMPTY_BODY = YES;
				CLANG_WARN_ENUM_CONVERSION = YES;
				CLANG_WARN_INFINITE_RECURSION = YES;
				CLANG_WARN_INT_CONVERSION = YES;
				CLANG_WARN_NON_LITERAL_NULL_CONVERSION = YES;
				CLANG_WARN_OBJC_IMPLICIT_RETAIN_SELF = YES;
				CLANG_WARN_OBJC_LITERAL_CONVERSION = YES;
				CLANG_WARN_OBJC_ROOT_CLASS = YES_ERROR;
				CLANG_WARN_QUOTED_INCLUDE_IN_FRAMEWORK_HEADER = YES;
				CLANG_WARN_RANGE_LOOP_ANALYSIS = YES;
				CLANG_WARN_STRICT_PROTOTYPES = YES;
				CLANG_WARN_SUSPICIOUS_MOVE = YES;
				CLANG_WARN_UNGUARDED_AVAILABILITY = YES_AGGRESSIVE;
				CLANG_WARN_UNREACHABLE_CODE = YES;
				CLANG_WARN__DUPLICATE_METHOD_MATCH = YES;
				COPY_PHASE_STRIP = NO;
				DEBUG_INFORMATION_FORMAT = "dwarf-with-dsym";
				ENABLE_NS_ASSERTIONS = NO;
				ENABLE_STRICT_OBJC_MSGSEND = YES;
				ENABLE_USER_SCRIPT_SANDBOXING = YES;
				GCC_C_LANGUAGE_STANDARD = gnu17;
				GCC_NO_COMMON_BLOCKS = YES;
				GCC_WARN_64_TO_32_BIT_CONVERSION = YES;
				GCC_WARN_ABOUT_RETURN_TYPE = YES_ERROR;
				GCC_WARN_UNDECLARED_SELECTOR = YES;
				GCC_WARN_UNINITIALIZED_AUTOS = YES_AGGRESSIVE;
				GCC_WARN_UNUSED_FUNCTION = YES;
				GCC_WARN_UNUSED_VARIABLE = YES;
				IPHONEOS_DEPLOYMENT_TARGET = 17.2;
				LOCALIZATION_PREFERS_STRING_CATALOGS = YES;
				MTL_ENABLE_DEBUG_INFO = NO;
				MTL_FAST_MATH = YES;
				SDKROOT = iphoneos;
				SWIFT_COMPILATION_MODE = wholemodule;
				VALIDATE_PRODUCT = YES;
			};
			name = Release;
		};
		67EDAF142BFF5462009B5592 /* Debug */ = {
			isa = XCBuildConfiguration;
			buildSettings = {
				ASSETCATALOG_COMPILER_APPICON_NAME = AppIcon;
				ASSETCATALOG_COMPILER_GLOBAL_ACCENT_COLOR_NAME = AccentColor;
				CODE_SIGN_STYLE = Automatic;
				CURRENT_PROJECT_VERSION = 1;
				DEVELOPMENT_ASSET_PATHS = "\"SwiftUI_Advanced_Data_Flow/Preview Content\"";
				DEVELOPMENT_TEAM = NU76QT8A6R;
				ENABLE_PREVIEWS = YES;
				GENERATE_INFOPLIST_FILE = YES;
				INFOPLIST_KEY_UIApplicationSceneManifest_Generation = YES;
				INFOPLIST_KEY_UIApplicationSupportsIndirectInputEvents = YES;
				INFOPLIST_KEY_UILaunchScreen_Generation = YES;
				INFOPLIST_KEY_UISupportedInterfaceOrientations_iPad = "UIInterfaceOrientationPortrait UIInterfaceOrientationPortraitUpsideDown UIInterfaceOrientationLandscapeLeft UIInterfaceOrientationLandscapeRight";
				INFOPLIST_KEY_UISupportedInterfaceOrientations_iPhone = "UIInterfaceOrientationPortrait UIInterfaceOrientationLandscapeLeft UIInterfaceOrientationLandscapeRight";
				LD_RUNPATH_SEARCH_PATHS = (
					"$(inherited)",
					"@executable_path/Frameworks",
				);
				MARKETING_VERSION = 1.0;
				PRODUCT_BUNDLE_IDENTIFIER = "com.ivycomptech.SwiftUI-Advanced-Data-Flow";
				PRODUCT_NAME = "$(TARGET_NAME)";
				SWIFT_EMIT_LOC_STRINGS = YES;
				SWIFT_VERSION = 5.0;
				TARGETED_DEVICE_FAMILY = "1,2";
			};
			name = Debug;
		};
		67EDAF152BFF5462009B5592 /* Release */ = {
			isa = XCBuildConfiguration;
			buildSettings = {
				ASSETCATALOG_COMPILER_APPICON_NAME = AppIcon;
				ASSETCATALOG_COMPILER_GLOBAL_ACCENT_COLOR_NAME = AccentColor;
				CODE_SIGN_STYLE = Automatic;
				CURRENT_PROJECT_VERSION = 1;
				DEVELOPMENT_ASSET_PATHS = "\"SwiftUI_Advanced_Data_Flow/Preview Content\"";
				DEVELOPMENT_TEAM = NU76QT8A6R;
				ENABLE_PREVIEWS = YES;
				GENERATE_INFOPLIST_FILE = YES;
				INFOPLIST_KEY_UIApplicationSceneManifest_Generation = YES;
				INFOPLIST_KEY_UIApplicationSupportsIndirectInputEvents = YES;
				INFOPLIST_KEY_UILaunchScreen_Generation = YES;
				INFOPLIST_KEY_UISupportedInterfaceOrientations_iPad = "UIInterfaceOrientationPortrait UIInterfaceOrientationPortraitUpsideDown UIInterfaceOrientationLandscapeLeft UIInterfaceOrientationLandscapeRight";
				INFOPLIST_KEY_UISupportedInterfaceOrientations_iPhone = "UIInterfaceOrientationPortrait UIInterfaceOrientationLandscapeLeft UIInterfaceOrientationLandscapeRight";
				LD_RUNPATH_SEARCH_PATHS = (
					"$(inherited)",
					"@executable_path/Frameworks",
				);
				MARKETING_VERSION = 1.0;
				PRODUCT_BUNDLE_IDENTIFIER = "com.ivycomptech.SwiftUI-Advanced-Data-Flow";
				PRODUCT_NAME = "$(TARGET_NAME)";
				SWIFT_EMIT_LOC_STRINGS = YES;
				SWIFT_VERSION = 5.0;
				TARGETED_DEVICE_FAMILY = "1,2";
			};
			name = Release;
		};
/* End XCBuildConfiguration section */

/* Begin XCConfigurationList section */
		67EDAF002BFF5460009B5592 /* Build configuration list for PBXProject "SwiftUI_Advanced_Data_Flow" */ = {
			isa = XCConfigurationList;
			buildConfigurations = (
				67EDAF112BFF5462009B5592 /* Debug */,
				67EDAF122BFF5462009B5592 /* Release */,
			);
			defaultConfigurationIsVisible = 0;
			defaultConfigurationName = Release;
		};
		67EDAF132BFF5462009B5592 /* Build configuration list for PBXNativeTarget "SwiftUI_Advanced_Data_Flow" */ = {
			isa = XCConfigurationList;
			buildConfigurations = (
				67EDAF142BFF5462009B5592 /* Debug */,
				67EDAF152BFF5462009B5592 /* Release */,
			);
			defaultConfigurationIsVisible = 0;
			defaultConfigurationName = Release;
		};
/* End XCConfigurationList section */
	};
	rootObject = 67EDAEFD2BFF5460009B5592 /* Project object */;
}
